// !$*UTF8*$!
{
	archiveVersion = 1;
	classes = {
	};
	objectVersion = 50;
	objects = {

/* Begin PBXBuildFile section */
		EE2B8AFE24A3F987008DD622 /* PvpViewController.swift in Sources */ = {isa = PBXBuildFile; fileRef = EE2B8AFD24A3F987008DD622 /* PvpViewController.swift */; };
		EE2B8B0024A3F9A9008DD622 /* PvcViewController.swift in Sources */ = {isa = PBXBuildFile; fileRef = EE2B8AFF24A3F9A9008DD622 /* PvcViewController.swift */; };
		EE6AC43E24A3E9320035B786 /* AppDelegate.swift in Sources */ = {isa = PBXBuildFile; fileRef = EE6AC43D24A3E9320035B786 /* AppDelegate.swift */; };
		EE6AC44024A3E9320035B786 /* SceneDelegate.swift in Sources */ = {isa = PBXBuildFile; fileRef = EE6AC43F24A3E9320035B786 /* SceneDelegate.swift */; };
		EE6AC44224A3E9320035B786 /* InitialScreenViewController.swift in Sources */ = {isa = PBXBuildFile; fileRef = EE6AC44124A3E9320035B786 /* InitialScreenViewController.swift */; };
		EE6AC44524A3E9320035B786 /* Main.storyboard in Resources */ = {isa = PBXBuildFile; fileRef = EE6AC44324A3E9320035B786 /* Main.storyboard */; };
		EE6AC44724A3E9360035B786 /* Assets.xcassets in Resources */ = {isa = PBXBuildFile; fileRef = EE6AC44624A3E9360035B786 /* Assets.xcassets */; };
		EE6AC44A24A3E9360035B786 /* LaunchScreen.storyboard in Resources */ = {isa = PBXBuildFile; fileRef = EE6AC44824A3E9360035B786 /* LaunchScreen.storyboard */; };
		EECAFCEE24A6A2540076C19B /* Game.swift in Sources */ = {isa = PBXBuildFile; fileRef = EECAFCED24A6A2540076C19B /* Game.swift */; };
/* End PBXBuildFile section */

/* Begin PBXFileReference section */
		EE2B8AFD24A3F987008DD622 /* PvpViewController.swift */ = {isa = PBXFileReference; lastKnownFileType = sourcecode.swift; path = PvpViewController.swift; sourceTree = "<group>"; };
		EE2B8AFF24A3F9A9008DD622 /* PvcViewController.swift */ = {isa = PBXFileReference; lastKnownFileType = sourcecode.swift; path = PvcViewController.swift; sourceTree = "<group>"; wrapsLines = 1; };
		EE6AC43A24A3E9320035B786 /* TicTacToe.app */ = {isa = PBXFileReference; explicitFileType = wrapper.application; includeInIndex = 0; path = TicTacToe.app; sourceTree = BUILT_PRODUCTS_DIR; };
		EE6AC43D24A3E9320035B786 /* AppDelegate.swift */ = {isa = PBXFileReference; lastKnownFileType = sourcecode.swift; path = AppDelegate.swift; sourceTree = "<group>"; };
		EE6AC43F24A3E9320035B786 /* SceneDelegate.swift */ = {isa = PBXFileReference; lastKnownFileType = sourcecode.swift; path = SceneDelegate.swift; sourceTree = "<group>"; };
		EE6AC44124A3E9320035B786 /* InitialScreenViewController.swift */ = {isa = PBXFileReference; lastKnownFileType = sourcecode.swift; path = InitialScreenViewController.swift; sourceTree = "<group>"; };
		EE6AC44424A3E9320035B786 /* Base */ = {isa = PBXFileReference; lastKnownFileType = file.storyboard; name = Base; path = Base.lproj/Main.storyboard; sourceTree = "<group>"; };
		EE6AC44624A3E9360035B786 /* Assets.xcassets */ = {isa = PBXFileReference; lastKnownFileType = folder.assetcatalog; path = Assets.xcassets; sourceTree = "<group>"; };
		EE6AC44924A3E9360035B786 /* Base */ = {isa = PBXFileReference; lastKnownFileType = file.storyboard; name = Base; path = Base.lproj/LaunchScreen.storyboard; sourceTree = "<group>"; };
		EE6AC44B24A3E9360035B786 /* Info.plist */ = {isa = PBXFileReference; lastKnownFileType = text.plist.xml; path = Info.plist; sourceTree = "<group>"; };
		EECAFCED24A6A2540076C19B /* Game.swift */ = {isa = PBXFileReference; lastKnownFileType = sourcecode.swift; path = Game.swift; sourceTree = "<group>"; };
/* End PBXFileReference section */

/* Begin PBXFrameworksBuildPhase section */
		EE6AC43724A3E9320035B786 /* Frameworks */ = {
			isa = PBXFrameworksBuildPhase;
			buildActionMask = 2147483647;
			files = (
			);
			runOnlyForDeploymentPostprocessing = 0;
		};
/* End PBXFrameworksBuildPhase section */

/* Begin PBXGroup section */
		EE2B8AF924A3EC5A008DD622 /* Controller */ = {
			isa = PBXGroup;
			children = (
				EE6AC44124A3E9320035B786 /* InitialScreenViewController.swift */,
				EE2B8AFD24A3F987008DD622 /* PvpViewController.swift */,
				EE2B8AFF24A3F9A9008DD622 /* PvcViewController.swift */,
			);
			path = Controller;
			sourceTree = "<group>";
		};
		EE2B8AFB24A3EC75008DD622 /* View */ = {
			isa = PBXGroup;
			children = (
				EE6AC44324A3E9320035B786 /* Main.storyboard */,
				EE6AC44824A3E9360035B786 /* LaunchScreen.storyboard */,
			);
			path = View;
			sourceTree = "<group>";
		};
		EE2B8AFC24A3EC7D008DD622 /* Model */ = {
			isa = PBXGroup;
			children = (
				EECAFCED24A6A2540076C19B /* Game.swift */,
			);
			path = Model;
			sourceTree = "<group>";
		};
		EE6AC43124A3E9320035B786 = {
			isa = PBXGroup;
			children = (
				EE6AC43C24A3E9320035B786 /* TicTacToe */,
				EE6AC43B24A3E9320035B786 /* Products */,
			);
			sourceTree = "<group>";
		};
		EE6AC43B24A3E9320035B786 /* Products */ = {
			isa = PBXGroup;
			children = (
				EE6AC43A24A3E9320035B786 /* TicTacToe.app */,
			);
			name = Products;
			sourceTree = "<group>";
		};
		EE6AC43C24A3E9320035B786 /* TicTacToe */ = {
			isa = PBXGroup;
			children = (
				EE2B8AFC24A3EC7D008DD622 /* Model */,
				EE2B8AFB24A3EC75008DD622 /* View */,
				EE2B8AF924A3EC5A008DD622 /* Controller */,
				EE6AC43D24A3E9320035B786 /* AppDelegate.swift */,
				EE6AC43F24A3E9320035B786 /* SceneDelegate.swift */,
				EE6AC44624A3E9360035B786 /* Assets.xcassets */,
				EE6AC44B24A3E9360035B786 /* Info.plist */,
			);
			path = TicTacToe;
			sourceTree = "<group>";
		};
/* End PBXGroup section */

/* Begin PBXNativeTarget section */
		EE6AC43924A3E9320035B786 /* TicTacToe */ = {
			isa = PBXNativeTarget;
			buildConfigurationList = EE6AC44E24A3E9360035B786 /* Build configuration list for PBXNativeTarget "TicTacToe" */;
			buildPhases = (
				EE6AC43624A3E9320035B786 /* Sources */,
				EE6AC43724A3E9320035B786 /* Frameworks */,
				EE6AC43824A3E9320035B786 /* Resources */,
			);
			buildRules = (
			);
			dependencies = (
			);
			name = TicTacToe;
			productName = TicTacToe;
			productReference = EE6AC43A24A3E9320035B786 /* TicTacToe.app */;
			productType = "com.apple.product-type.application";
		};
/* End PBXNativeTarget section */

/* Begin PBXProject section */
		EE6AC43224A3E9320035B786 /* Project object */ = {
			isa = PBXProject;
			attributes = {
				LastSwiftUpdateCheck = 1150;
				LastUpgradeCheck = 1150;
				ORGANIZATIONNAME = "Kaique Alves";
				TargetAttributes = {
					EE6AC43924A3E9320035B786 = {
						CreatedOnToolsVersion = 11.5;
					};
				};
			};
			buildConfigurationList = EE6AC43524A3E9320035B786 /* Build configuration list for PBXProject "TicTacToe" */;
			compatibilityVersion = "Xcode 9.3";
			developmentRegion = en;
			hasScannedForEncodings = 0;
			knownRegions = (
				en,
				Base,
			);
			mainGroup = EE6AC43124A3E9320035B786;
			productRefGroup = EE6AC43B24A3E9320035B786 /* Products */;
			projectDirPath = "";
			projectRoot = "";
			targets = (
				EE6AC43924A3E9320035B786 /* TicTacToe */,
			);
		};
/* End PBXProject section */

/* Begin PBXResourcesBuildPhase section */
		EE6AC43824A3E9320035B786 /* Resources */ = {
			isa = PBXResourcesBuildPhase;
			buildActionMask = 2147483647;
			files = (
				EE6AC44A24A3E9360035B786 /* LaunchScreen.storyboard in Resources */,
				EE6AC44724A3E9360035B786 /* Assets.xcassets in Resources */,
				EE6AC44524A3E9320035B786 /* Main.storyboard in Resources */,
			);
			runOnlyForDeploymentPostprocessing = 0;
		};
/* End PBXResourcesBuildPhase section */

/* Begin PBXSourcesBuildPhase section */
		EE6AC43624A3E9320035B786 /* Sources */ = {
			isa = PBXSourcesBuildPhase;
			buildActionMask = 2147483647;
			files = (
				EE6AC44224A3E9320035B786 /* InitialScreenViewController.swift in Sources */,
				EECAFCEE24A6A2540076C19B /* Game.swift in Sources */,
				EE6AC43E24A3E9320035B786 /* AppDelegate.swift in Sources */,
				EE6AC44024A3E9320035B786 /* SceneDelegate.swift in Sources */,
				EE2B8B0024A3F9A9008DD622 /* PvcViewController.swift in Sources */,
				EE2B8AFE24A3F987008DD622 /* PvpViewController.swift in Sources */,
			);
			runOnlyForDeploymentPostprocessing = 0;
		};
/* End PBXSourcesBuildPhase section */

/* Begin PBXVariantGroup section */
		EE6AC44324A3E9320035B786 /* Main.storyboard */ = {
			isa = PBXVariantGroup;
			children = (
				EE6AC44424A3E9320035B786 /* Base */,
			);
			name = Main.storyboard;
			sourceTree = "<group>";
		};
		EE6AC44824A3E9360035B786 /* LaunchScreen.storyboard */ = {
			isa = PBXVariantGroup;
			children = (
				EE6AC44924A3E9360035B786 /* Base */,
			);
			name = LaunchScreen.storyboard;
			sourceTree = "<group>";
		};
/* End PBXVariantGroup section */

/* Begin XCBuildConfiguration section */
		EE6AC44C24A3E9360035B786 /* Debug */ = {
			isa = XCBuildConfiguration;
			buildSettings = {
				ALWAYS_SEARCH_USER_PATHS = NO;
				CLANG_ANALYZER_NONNULL = YES;
				CLANG_ANALYZER_NUMBER_OBJECT_CONVERSION = YES_AGGRESSIVE;
				CLANG_CXX_LANGUAGE_STANDARD = "gnu++14";
				CLANG_CXX_LIBRARY = "libc++";
				CLANG_ENABLE_MODULES = YES;
				CLANG_ENABLE_OBJC_ARC = YES;
				CLANG_ENABLE_OBJC_WEAK = YES;
				CLANG_WARN_BLOCK_CAPTURE_AUTORELEASING = YES;
				CLANG_WARN_BOOL_CONVERSION = YES;
				CLANG_WARN_COMMA = YES;
				CLANG_WARN_CONSTANT_CONVERSION = YES;
				CLANG_WARN_DEPRECATED_OBJC_IMPLEMENTATIONS = YES;
				CLANG_WARN_DIRECT_OBJC_ISA_USAGE = YES_ERROR;
				CLANG_WARN_DOCUMENTATION_COMMENTS = YES;
				CLANG_WARN_EMPTY_BODY = YES;
				CLANG_WARN_ENUM_CONVERSION = YES;
				CLANG_WARN_INFINITE_RECURSION = YES;
				CLANG_WARN_INT_CONVERSION = YES;
				CLANG_WARN_NON_LITERAL_NULL_CONVERSION = YES;
				CLANG_WARN_OBJC_IMPLICIT_RETAIN_SELF = YES;
				CLANG_WARN_OBJC_LITERAL_CONVERSION = YES;
				CLANG_WARN_OBJC_ROOT_CLASS = YES_ERROR;
				CLANG_WARN_RANGE_LOOP_ANALYSIS = YES;
				CLANG_WARN_STRICT_PROTOTYPES = YES;
				CLANG_WARN_SUSPICIOUS_MOVE = YES;
				CLANG_WARN_UNGUARDED_AVAILABILITY = YES_AGGRESSIVE;
				CLANG_WARN_UNREACHABLE_CODE = YES;
				CLANG_WARN__DUPLICATE_METHOD_MATCH = YES;
				COPY_PHASE_STRIP = NO;
				DEBUG_INFORMATION_FORMAT = dwarf;
				ENABLE_STRICT_OBJC_MSGSEND = YES;
				ENABLE_TESTABILITY = YES;
				GCC_C_LANGUAGE_STANDARD = gnu11;
				GCC_DYNAMIC_NO_PIC = NO;
				GCC_NO_COMMON_BLOCKS = YES;
				GCC_OPTIMIZATION_LEVEL = 0;
				GCC_PREPROCESSOR_DEFINITIONS = (
					"DEBUG=1",
					"$(inherited)",
				);
				GCC_WARN_64_TO_32_BIT_CONVERSION = YES;
				GCC_WARN_ABOUT_RETURN_TYPE = YES_ERROR;
				GCC_WARN_UNDECLARED_SELECTOR = YES;
				GCC_WARN_UNINITIALIZED_AUTOS = YES_AGGRESSIVE;
				GCC_WARN_UNUSED_FUNCTION = YES;
				GCC_WARN_UNUSED_VARIABLE = YES;
				IPHONEOS_DEPLOYMENT_TARGET = 13.5;
				MTL_ENABLE_DEBUG_INFO = INCLUDE_SOURCE;
				MTL_FAST_MATH = YES;
				ONLY_ACTIVE_ARCH = YES;
				SDKROOT = iphoneos;
				SWIFT_ACTIVE_COMPILATION_CONDITIONS = DEBUG;
				SWIFT_OPTIMIZATION_LEVEL = "-Onone";
			};
			name = Debug;
		};
		EE6AC44D24A3E9360035B786 /* Release */ = {
			isa = XCBuildConfiguration;
			buildSettings = {
				ALWAYS_SEARCH_USER_PATHS = NO;
				CLANG_ANALYZER_NONNULL = YES;
				CLANG_ANALYZER_NUMBER_OBJECT_CONVERSION = YES_AGGRESSIVE;
				CLANG_CXX_LANGUAGE_STANDARD = "gnu++14";
				CLANG_CXX_LIBRARY = "libc++";
				CLANG_ENABLE_MODULES = YES;
				CLANG_ENABLE_OBJC_ARC = YES;
				CLANG_ENABLE_OBJC_WEAK = YES;
				CLANG_WARN_BLOCK_CAPTURE_AUTORELEASING = YES;
				CLANG_WARN_BOOL_CONVERSION = YES;
				CLANG_WARN_COMMA = YES;
				CLANG_WARN_CONSTANT_CONVERSION = YES;
				CLANG_WARN_DEPRECATED_OBJC_IMPLEMENTATIONS = YES;
				CLANG_WARN_DIRECT_OBJC_ISA_USAGE = YES_ERROR;
				CLANG_WARN_DOCUMENTATION_COMMENTS = YES;
				CLANG_WARN_EMPTY_BODY = YES;
				CLANG_WARN_ENUM_CONVERSION = YES;
				CLANG_WARN_INFINITE_RECURSION = YES;
				CLANG_WARN_INT_CONVERSION = YES;
				CLANG_WARN_NON_LITERAL_NULL_CONVERSION = YES;
				CLANG_WARN_OBJC_IMPLICIT_RETAIN_SELF = YES;
				CLANG_WARN_OBJC_LITERAL_CONVERSION = YES;
				CLANG_WARN_OBJC_ROOT_CLASS = YES_ERROR;
				CLANG_WARN_RANGE_LOOP_ANALYSIS = YES;
				CLANG_WARN_STRICT_PROTOTYPES = YES;
				CLANG_WARN_SUSPICIOUS_MOVE = YES;
				CLANG_WARN_UNGUARDED_AVAILABILITY = YES_AGGRESSIVE;
				CLANG_WARN_UNREACHABLE_CODE = YES;
				CLANG_WARN__DUPLICATE_METHOD_MATCH = YES;
				COPY_PHASE_STRIP = NO;
				DEBUG_INFORMATION_FORMAT = "dwarf-with-dsym";
				ENABLE_NS_ASSERTIONS = NO;
				ENABLE_STRICT_OBJC_MSGSEND = YES;
				GCC_C_LANGUAGE_STANDARD = gnu11;
				GCC_NO_COMMON_BLOCKS = YES;
				GCC_WARN_64_TO_32_BIT_CONVERSION = YES;
				GCC_WARN_ABOUT_RETURN_TYPE = YES_ERROR;
				GCC_WARN_UNDECLARED_SELECTOR = YES;
				GCC_WARN_UNINITIALIZED_AUTOS = YES_AGGRESSIVE;
				GCC_WARN_UNUSED_FUNCTION = YES;
				GCC_WARN_UNUSED_VARIABLE = YES;
				IPHONEOS_DEPLOYMENT_TARGET = 13.5;
				MTL_ENABLE_DEBUG_INFO = NO;
				MTL_FAST_MATH = YES;
				SDKROOT = iphoneos;
				SWIFT_COMPILATION_MODE = wholemodule;
				SWIFT_OPTIMIZATION_LEVEL = "-O";
				VALIDATE_PRODUCT = YES;
			};
			name = Release;
		};
		EE6AC44F24A3E9360035B786 /* Debug */ = {
			isa = XCBuildConfiguration;
			buildSettings = {
				ASSETCATALOG_COMPILER_APPICON_NAME = AppIcon;
				CODE_SIGN_STYLE = Automatic;
				INFOPLIST_FILE = TicTacToe/Info.plist;
				LD_RUNPATH_SEARCH_PATHS = (
					"$(inherited)",
					"@executable_path/Frameworks",
				);
				PRODUCT_BUNDLE_IDENTIFIER = com.kaiquealves.TicTacToe;
				PRODUCT_NAME = "$(TARGET_NAME)";
				SWIFT_VERSION = 5.0;
				TARGETED_DEVICE_FAMILY = 1;
			};
			name = Debug;
		};
		EE6AC45024A3E9360035B786 /* Release */ = {
			isa = XCBuildConfiguration;
			buildSettings = {
				ASSETCATALOG_COMPILER_APPICON_NAME = AppIcon;
				CODE_SIGN_STYLE = Automatic;
				INFOPLIST_FILE = TicTacToe/Info.plist;
				LD_RUNPATH_SEARCH_PATHS = (
					"$(inherited)",
					"@executable_path/Frameworks",
				);
				PRODUCT_BUNDLE_IDENTIFIER = com.kaiquealves.TicTacToe;
				PRODUCT_NAME = "$(TARGET_NAME)";
				SWIFT_VERSION = 5.0;
				TARGETED_DEVICE_FAMILY = 1;
			};
			name = Release;
		};
/* End XCBuildConfiguration section */

/* Begin XCConfigurationList section */
		EE6AC43524A3E9320035B786 /* Build configuration list for PBXProject "TicTacToe" */ = {
			isa = XCConfigurationList;
			buildConfigurations = (
				EE6AC44C24A3E9360035B786 /* Debug */,
				EE6AC44D24A3E9360035B786 /* Release */,
			);
			defaultConfigurationIsVisible = 0;
			defaultConfigurationName = Release;
		};
		EE6AC44E24A3E9360035B786 /* Build configuration list for PBXNativeTarget "TicTacToe" */ = {
			isa = XCConfigurationList;
			buildConfigurations = (
				EE6AC44F24A3E9360035B786 /* Debug */,
				EE6AC45024A3E9360035B786 /* Release */,
			);
			defaultConfigurationIsVisible = 0;
			defaultConfigurationName = Release;
		};
/* End XCConfigurationList section */
	};
	rootObject = EE6AC43224A3E9320035B786 /* Project object */;
}
